
Microsoft Visual Studio Solution File, Format Version 12.00
# Visual Studio Version 17
VisualStudioVersion = 17.2.32616.157
MinimumVisualStudioVersion = 10.0.40219.1
Project("{FAE04EC0-301F-11D3-BF4B-00C04F79EFBC}") = "CurrenciesTaskApi", "CurrenciesTaskApi\CurrenciesTaskApi.csproj", "{1728B4E2-B19E-4275-A251-C6C4BEE5BA45}"
EndProject
Global
	GlobalSection(SolutionConfigurationPlatforms) = preSolution
		Debug|Any CPU = Debug|Any CPU
		Release|Any CPU = Release|Any CPU
	EndGlobalSection
	GlobalSection(ProjectConfigurationPlatforms) = postSolution
		{1728B4E2-B19E-4275-A251-C6C4BEE5BA45}.Debug|Any CPU.ActiveCfg = Debug|Any CPU
		{1728B4E2-B19E-4275-A251-C6C4BEE5BA45}.Debug|Any CPU.Build.0 = Debug|Any CPU
		{1728B4E2-B19E-4275-A251-C6C4BEE5BA45}.Release|Any CPU.ActiveCfg = Release|Any CPU
		{1728B4E2-B19E-4275-A251-C6C4BEE5BA45}.Release|Any CPU.Build.0 = Release|Any CPU
	EndGlobalSection
	GlobalSection(SolutionProperties) = preSolution
		HideSolutionNode = FALSE
	EndGlobalSection
	GlobalSection(ExtensibilityGlobals) = postSolution
		SolutionGuid = {A0671C4C-482A-47BC-8BD1-27B1FA0B8993}
	EndGlobalSection
EndGlobal
